{
    "version": 3,
    "terraform_version": "0.11.11",
    "serial": 8,
    "lineage": "45f458a2-3721-6a14-23a0-551328149e18",
    "modules": [
        {
            "path": [
                "root"
            ],
            "outputs": {},
            "resources": {
                "aws_internet_gateway.demo-gate": {
                    "type": "aws_internet_gateway",
                    "depends_on": [
                        "aws_vpc.demo-vpc"
                    ],
                    "primary": {
                        "id": "igw-0082172746260169c",
                        "attributes": {
                            "id": "igw-0082172746260169c",
                            "owner_id": "291100513694",
                            "tags.%": "0",
                            "vpc_id": "vpc-09d56d3586676bf7e"
                        },
                        "meta": {},
                        "tainted": false
                    },
                    "deposed": [],
                    "provider": "provider.aws"
                },
                "aws_route_table.demo-route": {
                    "type": "aws_route_table",
                    "depends_on": [
                        "aws_internet_gateway.demo-gate",
                        "aws_vpc.demo-vpc"
                    ],
                    "primary": {
                        "id": "rtb-04603a150cb635408",
                        "attributes": {
                            "id": "rtb-04603a150cb635408",
                            "owner_id": "291100513694",
                            "propagating_vgws.#": "0",
                            "route.#": "1",
                            "route.1676517405.cidr_block": "0.0.0.0/0",
                            "route.1676517405.egress_only_gateway_id": "",
                            "route.1676517405.gateway_id": "igw-0082172746260169c",
                            "route.1676517405.instance_id": "",
                            "route.1676517405.ipv6_cidr_block": "",
                            "route.1676517405.nat_gateway_id": "",
                            "route.1676517405.network_interface_id": "",
                            "route.1676517405.transit_gateway_id": "",
                            "route.1676517405.vpc_peering_connection_id": "",
                            "tags.%": "0",
                            "vpc_id": "vpc-09d56d3586676bf7e"
                        },
                        "meta": {},
                        "tainted": false
                    },
                    "deposed": [],
                    "provider": "provider.aws"
                },
                "aws_route_table_association.demo.0": {
                    "type": "aws_route_table_association",
                    "depends_on": [
                        "aws_route_table.demo-route",
                        "aws_subnet.demo-sub.*"
                    ],
                    "primary": {
                        "id": "rtbassoc-0023fd1d48f79a8c0",
                        "attributes": {
                            "id": "rtbassoc-0023fd1d48f79a8c0",
                            "route_table_id": "rtb-04603a150cb635408",
                            "subnet_id": "subnet-01c20919395b00f8e"
                        },
                        "meta": {},
                        "tainted": false
                    },
                    "deposed": [],
                    "provider": "provider.aws"
                },
                "aws_route_table_association.demo.1": {
                    "type": "aws_route_table_association",
                    "depends_on": [
                        "aws_route_table.demo-route",
                        "aws_subnet.demo-sub.*"
                    ],
                    "primary": {
                        "id": "rtbassoc-0b6f409df36b2e004",
                        "attributes": {
                            "id": "rtbassoc-0b6f409df36b2e004",
                            "route_table_id": "rtb-04603a150cb635408",
                            "subnet_id": "subnet-0ebd62b80420d2d3a"
                        },
                        "meta": {},
                        "tainted": false
                    },
                    "deposed": [],
                    "provider": "provider.aws"
                },
                "aws_s3_bucket.b": {
                    "type": "aws_s3_bucket",
                    "depends_on": [],
                    "primary": {
                        "id": "sgrosu-buchetel",
                        "attributes": {
                            "acceleration_status": "",
                            "acl": "private",
                            "arn": "arn:aws:s3:::sgrosu-buchetel",
                            "bucket": "sgrosu-buchetel",
                            "bucket_domain_name": "sgrosu-buchetel.s3.amazonaws.com",
                            "bucket_regional_domain_name": "sgrosu-buchetel.s3.eu-west-1.amazonaws.com",
                            "cors_rule.#": "0",
                            "force_destroy": "false",
                            "hosted_zone_id": "Z1BKCTXD74EZPE",
                            "id": "sgrosu-buchetel",
                            "lifecycle_rule.#": "0",
                            "logging.#": "0",
                            "object_lock_configuration.#": "0",
                            "region": "eu-west-1",
                            "replication_configuration.#": "0",
                            "request_payer": "BucketOwner",
                            "server_side_encryption_configuration.#": "0",
                            "tags.%": "2",
                            "tags.Environment": "Dev",
                            "tags.Name": "My bucket",
                            "versioning.#": "1",
                            "versioning.0.enabled": "false",
                            "versioning.0.mfa_delete": "false",
                            "website.#": "0"
                        },
                        "meta": {},
                        "tainted": false
                    },
                    "deposed": [],
                    "provider": "provider.aws"
                },
                "aws_subnet.demo-sub.0": {
                    "type": "aws_subnet",
                    "depends_on": [
                        "aws_vpc.demo-vpc",
                        "data.aws_availability_zones.available"
                    ],
                    "primary": {
                        "id": "subnet-01c20919395b00f8e",
                        "attributes": {
                            "arn": "arn:aws:ec2:eu-west-1:291100513694:subnet/subnet-01c20919395b00f8e",
                            "assign_ipv6_address_on_creation": "false",
                            "availability_zone": "eu-west-1a",
                            "availability_zone_id": "euw1-az3",
                            "cidr_block": "10.0.0.0/24",
                            "id": "subnet-01c20919395b00f8e",
                            "ipv6_cidr_block": "",
                            "ipv6_cidr_block_association_id": "",
                            "map_public_ip_on_launch": "false",
                            "owner_id": "291100513694",
                            "tags.%": "0",
                            "vpc_id": "vpc-09d56d3586676bf7e"
                        },
                        "meta": {
                            "e2bfb730-ecaa-11e6-8f88-34363bc7c4c0": {
                                "create": 600000000000,
                                "delete": 600000000000
                            },
                            "schema_version": "1"
                        },
                        "tainted": false
                    },
                    "deposed": [],
                    "provider": "provider.aws"
                },
                "aws_subnet.demo-sub.1": {
                    "type": "aws_subnet",
                    "depends_on": [
                        "aws_vpc.demo-vpc",
                        "data.aws_availability_zones.available"
                    ],
                    "primary": {
                        "id": "subnet-0ebd62b80420d2d3a",
                        "attributes": {
                            "arn": "arn:aws:ec2:eu-west-1:291100513694:subnet/subnet-0ebd62b80420d2d3a",
                            "assign_ipv6_address_on_creation": "false",
                            "availability_zone": "eu-west-1b",
                            "availability_zone_id": "euw1-az1",
                            "cidr_block": "10.0.1.0/24",
                            "id": "subnet-0ebd62b80420d2d3a",
                            "ipv6_cidr_block": "",
                            "ipv6_cidr_block_association_id": "",
                            "map_public_ip_on_launch": "false",
                            "owner_id": "291100513694",
                            "tags.%": "0",
                            "vpc_id": "vpc-09d56d3586676bf7e"
                        },
                        "meta": {
                            "e2bfb730-ecaa-11e6-8f88-34363bc7c4c0": {
                                "create": 600000000000,
                                "delete": 600000000000
                            },
                            "schema_version": "1"
                        },
                        "tainted": false
                    },
                    "deposed": [],
                    "provider": "provider.aws"
                },
                "aws_vpc.demo-vpc": {
                    "type": "aws_vpc",
                    "depends_on": [],
                    "primary": {
                        "id": "vpc-09d56d3586676bf7e",
                        "attributes": {
                            "arn": "arn:aws:ec2:eu-west-1:291100513694:vpc/vpc-09d56d3586676bf7e",
                            "assign_generated_ipv6_cidr_block": "false",
                            "cidr_block": "10.0.0.0/16",
                            "default_network_acl_id": "acl-049a8adc5b0e59a25",
                            "default_route_table_id": "rtb-0176e8408ce9c90da",
                            "default_security_group_id": "sg-064468bc78443eff9",
                            "dhcp_options_id": "dopt-e1d01687",
                            "enable_classiclink": "false",
                            "enable_classiclink_dns_support": "false",
                            "enable_dns_hostnames": "false",
                            "enable_dns_support": "true",
                            "id": "vpc-09d56d3586676bf7e",
                            "instance_tenancy": "default",
                            "ipv6_association_id": "",
                            "ipv6_cidr_block": "",
                            "main_route_table_id": "rtb-0176e8408ce9c90da",
                            "owner_id": "291100513694",
                            "tags.%": "0"
                        },
                        "meta": {
                            "schema_version": "1"
                        },
                        "tainted": false
                    },
                    "deposed": [],
                    "provider": "provider.aws"
                },
                "aws_vpc_endpoint.s3": {
                    "type": "aws_vpc_endpoint",
                    "depends_on": [
                        "aws_vpc.demo-vpc"
                    ],
                    "primary": {
                        "id": "vpce-0137a249c68df58e5",
                        "attributes": {
                            "cidr_blocks.#": "2",
                            "cidr_blocks.0": "52.218.0.0/17",
                            "cidr_blocks.1": "54.231.128.0/19",
                            "dns_entry.#": "0",
                            "id": "vpce-0137a249c68df58e5",
                            "network_interface_ids.#": "0",
                            "policy": "{\"Statement\":[{\"Action\":\"*\",\"Effect\":\"Allow\",\"Principal\":\"*\",\"Resource\":\"*\"}],\"Version\":\"2008-10-17\"}",
                            "prefix_list_id": "pl-6da54004",
                            "private_dns_enabled": "false",
                            "route_table_ids.#": "0",
                            "security_group_ids.#": "0",
                            "service_name": "com.amazonaws.eu-west-1.s3",
                            "state": "available",
                            "subnet_ids.#": "0",
                            "vpc_endpoint_type": "Gateway",
                            "vpc_id": "vpc-09d56d3586676bf7e"
                        },
                        "meta": {
                            "e2bfb730-ecaa-11e6-8f88-34363bc7c4c0": {
                                "create": 600000000000,
                                "delete": 600000000000,
                                "update": 600000000000
                            }
                        },
                        "tainted": false
                    },
                    "deposed": [],
                    "provider": "provider.aws"
                },
                "data.aws_availability_zones.available": {
                    "type": "aws_availability_zones",
                    "depends_on": [],
                    "primary": {
                        "id": "2019-01-28 20:03:02.513332862 +0000 UTC",
                        "attributes": {
                            "id": "2019-01-28 20:03:02.513332862 +0000 UTC",
                            "names.#": "3",
                            "names.0": "eu-west-1a",
                            "names.1": "eu-west-1b",
                            "names.2": "eu-west-1c",
                            "zone_ids.#": "3",
                            "zone_ids.0": "euw1-az3",
                            "zone_ids.1": "euw1-az1",
                            "zone_ids.2": "euw1-az2"
                        },
                        "meta": {},
                        "tainted": false
                    },
                    "deposed": [],
                    "provider": "provider.aws"
                },
                "data.aws_region.current": {
                    "type": "aws_region",
                    "depends_on": [],
                    "primary": {
                        "id": "eu-west-1",
                        "attributes": {
                            "current": "true",
                            "description": "EU (Ireland)",
                            "endpoint": "ec2.eu-west-1.amazonaws.com",
                            "id": "eu-west-1",
                            "name": "eu-west-1"
                        },
                        "meta": {},
                        "tainted": false
                    },
                    "deposed": [],
                    "provider": "provider.aws"
                }
            },
            "depends_on": []
        }
    ]
}
